
Microsoft Visual Studio Solution File, Format Version 12.00
# Visual Studio Version 17
VisualStudioVersion = 17.0.31903.59
MinimumVisualStudioVersion = 10.0.40219.1
Project("{2150E333-8FDC-42A3-9474-1A3956D46DE8}") = "src", "src", "{61CEFDF6-50D6-4251-B4D3-BCEFAF2A2B0F}"
EndProject
Project("{FAE04EC0-301F-11D3-BF4B-00C04F79EFBC}") = "Emby.MissingEpisodesTracker", "src\Emby.MissingEpisodesTracker\Emby.MissingEpisodesTracker.csproj", "{EB1D1FFB-2EF3-4A90-8817-69E4F211F1E5}"
EndProject
Project("{2150E333-8FDC-42A3-9474-1A3956D46DE8}") = "tests", "tests", "{FFAF7640-1EC1-449C-922F-231FDE144728}"
EndProject
Project("{FAE04EC0-301F-11D3-BF4B-00C04F79EFBC}") = "Emby.MissingEpisodesTracker.Tests", "tests\Emby.MissingEpisodesTracker.Tests\Emby.MissingEpisodesTracker.Tests.csproj", "{512B6BDE-3011-4AD8-8A12-11DA7A5115A4}"
EndProject
Global
	GlobalSection(SolutionConfigurationPlatforms) = preSolution
		Debug|Any CPU = Debug|Any CPU
		Release|Any CPU = Release|Any CPU
	EndGlobalSection
	GlobalSection(SolutionProperties) = preSolution
		HideSolutionNode = FALSE
	EndGlobalSection
	GlobalSection(ProjectConfigurationPlatforms) = postSolution
		{EB1D1FFB-2EF3-4A90-8817-69E4F211F1E5}.Debug|Any CPU.ActiveCfg = Debug|Any CPU
		{EB1D1FFB-2EF3-4A90-8817-69E4F211F1E5}.Debug|Any CPU.Build.0 = Debug|Any CPU
		{EB1D1FFB-2EF3-4A90-8817-69E4F211F1E5}.Release|Any CPU.ActiveCfg = Release|Any CPU
		{EB1D1FFB-2EF3-4A90-8817-69E4F211F1E5}.Release|Any CPU.Build.0 = Release|Any CPU
		{512B6BDE-3011-4AD8-8A12-11DA7A5115A4}.Debug|Any CPU.ActiveCfg = Debug|Any CPU
		{512B6BDE-3011-4AD8-8A12-11DA7A5115A4}.Debug|Any CPU.Build.0 = Debug|Any CPU
		{512B6BDE-3011-4AD8-8A12-11DA7A5115A4}.Release|Any CPU.ActiveCfg = Release|Any CPU
		{512B6BDE-3011-4AD8-8A12-11DA7A5115A4}.Release|Any CPU.Build.0 = Release|Any CPU
	EndGlobalSection
	GlobalSection(NestedProjects) = preSolution
		{EB1D1FFB-2EF3-4A90-8817-69E4F211F1E5} = {61CEFDF6-50D6-4251-B4D3-BCEFAF2A2B0F}
		{512B6BDE-3011-4AD8-8A12-11DA7A5115A4} = {FFAF7640-1EC1-449C-922F-231FDE144728}
	EndGlobalSection
EndGlobal
